// !$*UTF8*$!
{
	archiveVersion = 1;
	classes = {
	};
	objectVersion = 46;
	objects = {

/* Begin PBXBuildFile section */
		07A8BB6E1B6718C1005B53CD /* cEci.cpp in Sources */ = {isa = PBXBuildFile; fileRef = 07A8BB481B6718C1005B53CD /* cEci.cpp */; };
		07A8BB6F1B6718C1005B53CD /* cJulian.cpp in Sources */ = {isa = PBXBuildFile; fileRef = 07A8BB4A1B6718C1005B53CD /* cJulian.cpp */; };
		07A8BB701B6718C1005B53CD /* coord.cpp in Sources */ = {isa = PBXBuildFile; fileRef = 07A8BB4C1B6718C1005B53CD /* coord.cpp */; };
		07A8BB711B6718C1005B53CD /* core.vcxproj in Resources */ = {isa = PBXBuildFile; fileRef = 07A8BB4E1B6718C1005B53CD /* core.vcxproj */; };
		07A8BB721B6718C1005B53CD /* core.vcxproj.filters in Resources */ = {isa = PBXBuildFile; fileRef = 07A8BB4F1B6718C1005B53CD /* core.vcxproj.filters */; };
		07A8BB731B6718C1005B53CD /* cSite.cpp in Sources */ = {isa = PBXBuildFile; fileRef = 07A8BB511B6718C1005B53CD /* cSite.cpp */; };
		07A8BB741B6718C1005B53CD /* cTLE.cpp in Sources */ = {isa = PBXBuildFile; fileRef = 07A8BB531B6718C1005B53CD /* cTLE.cpp */; };
		07A8BB751B6718C1005B53CD /* cVector.cpp in Sources */ = {isa = PBXBuildFile; fileRef = 07A8BB551B6718C1005B53CD /* cVector.cpp */; };
		07A8BB761B6718C1005B53CD /* globals.cpp in Sources */ = {isa = PBXBuildFile; fileRef = 07A8BB581B6718C1005B53CD /* globals.cpp */; };
		07A8BB771B6718C1005B53CD /* revHistory.txt in Resources */ = {isa = PBXBuildFile; fileRef = 07A8BB5A1B6718C1005B53CD /* revHistory.txt */; };
		07A8BB781B6718C1005B53CD /* stdafx.cpp in Sources */ = {isa = PBXBuildFile; fileRef = 07A8BB5B1B6718C1005B53CD /* stdafx.cpp */; };
		07A8BB791B6718C1005B53CD /* cNoradBase.cpp in Sources */ = {isa = PBXBuildFile; fileRef = 07A8BB5E1B6718C1005B53CD /* cNoradBase.cpp */; };
		07A8BB7A1B6718C1005B53CD /* cNoradSDP4.cpp in Sources */ = {isa = PBXBuildFile; fileRef = 07A8BB601B6718C1005B53CD /* cNoradSDP4.cpp */; };
		07A8BB7B1B6718C1005B53CD /* cNoradSGP4.cpp in Sources */ = {isa = PBXBuildFile; fileRef = 07A8BB621B6718C1005B53CD /* cNoradSGP4.cpp */; };
		07A8BB7C1B6718C1005B53CD /* cOrbit.cpp in Sources */ = {isa = PBXBuildFile; fileRef = 07A8BB641B6718C1005B53CD /* cOrbit.cpp */; };
		07A8BB7D1B6718C1005B53CD /* orbit.vcxproj in Resources */ = {isa = PBXBuildFile; fileRef = 07A8BB661B6718C1005B53CD /* orbit.vcxproj */; };
		07A8BB7E1B6718C1005B53CD /* orbit.vcxproj.filters in Resources */ = {isa = PBXBuildFile; fileRef = 07A8BB671B6718C1005B53CD /* orbit.vcxproj.filters */; };
		07A8BB7F1B6718C1005B53CD /* revHistory.txt in Resources */ = {isa = PBXBuildFile; fileRef = 07A8BB681B6718C1005B53CD /* revHistory.txt */; };
		07A8BB801B6718C1005B53CD /* stdafx.cpp in Sources */ = {isa = PBXBuildFile; fileRef = 07A8BB691B6718C1005B53CD /* stdafx.cpp */; };
		07A8BB811B6718C1005B53CD /* readme.txt in Resources */ = {isa = PBXBuildFile; fileRef = 07A8BB6B1B6718C1005B53CD /* readme.txt */; };
		07A8BB821B6718C1005B53CD /* TLEReader.cpp in Sources */ = {isa = PBXBuildFile; fileRef = 07A8BB6C1B6718C1005B53CD /* TLEReader.cpp */; };
		07D9FE691B63842100ED5F86 /* main.m in Sources */ = {isa = PBXBuildFile; fileRef = 07D9FE681B63842100ED5F86 /* main.m */; };
		07D9FE6B1B63842100ED5F86 /* Images.xcassets in Resources */ = {isa = PBXBuildFile; fileRef = 07D9FE6A1B63842100ED5F86 /* Images.xcassets */; };
		07D9FE6E1B63842100ED5F86 /* MainMenu.xib in Resources */ = {isa = PBXBuildFile; fileRef = 07D9FE6C1B63842100ED5F86 /* MainMenu.xib */; };
		07D9FE7A1B63842100ED5F86 /* GLTelemetryPictTests.m in Sources */ = {isa = PBXBuildFile; fileRef = 07D9FE791B63842100ED5F86 /* GLTelemetryPictTests.m */; };
		07D9FE961B6384A800ED5F86 /* Controller.mm in Sources */ = {isa = PBXBuildFile; fileRef = 07D9FE861B6384A800ED5F86 /* Controller.mm */; };
		07D9FE971B6384A800ED5F86 /* Renderer.mm in Sources */ = {isa = PBXBuildFile; fileRef = 07D9FE881B6384A800ED5F86 /* Renderer.mm */; };
		07D9FE981B6384A800ED5F86 /* charTex.mm in Sources */ = {isa = PBXBuildFile; fileRef = 07D9FE8C1B6384A800ED5F86 /* charTex.mm */; };
		07D9FE991B6384A800ED5F86 /* GLFrameBuffer.mm in Sources */ = {isa = PBXBuildFile; fileRef = 07D9FE8E1B6384A800ED5F86 /* GLFrameBuffer.mm */; };
		07D9FE9A1B6384A800ED5F86 /* NHGLView.mm in Sources */ = {isa = PBXBuildFile; fileRef = 07D9FE901B6384A800ED5F86 /* NHGLView.mm */; };
		07D9FE9B1B6384A800ED5F86 /* NHGLWrapper.cpp in Sources */ = {isa = PBXBuildFile; fileRef = 07D9FE911B6384A800ED5F86 /* NHGLWrapper.cpp */; };
		07D9FE9C1B6384A800ED5F86 /* telemetryReader.cpp in Sources */ = {isa = PBXBuildFile; fileRef = 07D9FE941B6384A800ED5F86 /* telemetryReader.cpp */; };
		B20758481B64A1F5003E0BF0 /* AzimuthRenderer.mm in Sources */ = {isa = PBXBuildFile; fileRef = B20758461B64A1F5003E0BF0 /* AzimuthRenderer.mm */; };
		B277C2851B7D79A200EB5764 /* AzimuthSubRenderer.mm in Sources */ = {isa = PBXBuildFile; fileRef = B277C2841B7D79A200EB5764 /* AzimuthSubRenderer.mm */; };
		B2CCEC521B6748D2003B8007 /* NHRenderer.mm in Sources */ = {isa = PBXBuildFile; fileRef = 07A8BB3F1B66DE61005B53CD /* NHRenderer.mm */; };
		D2ECCCAA1B7C6896003D2D75 /* YOBatches.cpp in Sources */ = {isa = PBXBuildFile; fileRef = D2ECCCA11B7C6896003D2D75 /* YOBatches.cpp */; };
		D2ECCCAB1B7C6896003D2D75 /* YOColorRenderer.mm in Sources */ = {isa = PBXBuildFile; fileRef = D2ECCCA41B7C6896003D2D75 /* YOColorRenderer.mm */; };
		D2ECCCAC1B7C6896003D2D75 /* YORenderer.mm in Sources */ = {isa = PBXBuildFile; fileRef = D2ECCCA61B7C6896003D2D75 /* YORenderer.mm */; };
		D2ECCD851B7C6A17003D2D75 /* flArcball.mm in Sources */ = {isa = PBXBuildFile; fileRef = D2ECCD3B1B7C6A17003D2D75 /* flArcball.mm */; };
		D2ECCD861B7C6A17003D2D75 /* flCamera.mm in Sources */ = {isa = PBXBuildFile; fileRef = D2ECCD3D1B7C6A17003D2D75 /* flCamera.mm */; };
		D2ECCD871B7C6A17003D2D75 /* flMatrixStack.mm in Sources */ = {isa = PBXBuildFile; fileRef = D2ECCD3F1B7C6A17003D2D75 /* flMatrixStack.mm */; };
		D2ECCD881B7C6A17003D2D75 /* flNode.mm in Sources */ = {isa = PBXBuildFile; fileRef = D2ECCD411B7C6A17003D2D75 /* flNode.mm */; };
		D2ECCD891B7C6A17003D2D75 /* flBridgeIOS.mm in Sources */ = {isa = PBXBuildFile; fileRef = D2ECCD441B7C6A17003D2D75 /* flBridgeIOS.mm */; };
		D2ECCD8A1B7C6A17003D2D75 /* flFbo.mm in Sources */ = {isa = PBXBuildFile; fileRef = D2ECCD481B7C6A17003D2D75 /* flFbo.mm */; };
		D2ECCD8B1B7C6A17003D2D75 /* flGLProps.mm in Sources */ = {isa = PBXBuildFile; fileRef = D2ECCD4A1B7C6A17003D2D75 /* flGLProps.mm */; };
		D2ECCD8C1B7C6A17003D2D75 /* flGraphics.mm in Sources */ = {isa = PBXBuildFile; fileRef = D2ECCD4C1B7C6A17003D2D75 /* flGraphics.mm */; };
		D2ECCD8D1B7C6A17003D2D75 /* flPrimitives.mm in Sources */ = {isa = PBXBuildFile; fileRef = D2ECCD4E1B7C6A17003D2D75 /* flPrimitives.mm */; };
		D2ECCD8E1B7C6A17003D2D75 /* flShader.mm in Sources */ = {isa = PBXBuildFile; fileRef = D2ECCD501B7C6A17003D2D75 /* flShader.mm */; };
		D2ECCD8F1B7C6A17003D2D75 /* flShaders.mm in Sources */ = {isa = PBXBuildFile; fileRef = D2ECCD521B7C6A17003D2D75 /* flShaders.mm */; };
		D2ECCD901B7C6A17003D2D75 /* flStencilMask.mm in Sources */ = {isa = PBXBuildFile; fileRef = D2ECCD541B7C6A17003D2D75 /* flStencilMask.mm */; };
		D2ECCD911B7C6A17003D2D75 /* flTexture.mm in Sources */ = {isa = PBXBuildFile; fileRef = D2ECCD561B7C6A17003D2D75 /* flTexture.mm */; };
		D2ECCD921B7C6A17003D2D75 /* flVbo.mm in Sources */ = {isa = PBXBuildFile; fileRef = D2ECCD581B7C6A17003D2D75 /* flVbo.mm */; };
		D2ECCD931B7C6A17003D2D75 /* flEasing.mm in Sources */ = {isa = PBXBuildFile; fileRef = D2ECCD5B1B7C6A17003D2D75 /* flEasing.mm */; };
		D2ECCD941B7C6A17003D2D75 /* flMath.mm in Sources */ = {isa = PBXBuildFile; fileRef = D2ECCD5D1B7C6A17003D2D75 /* flMath.mm */; };
		D2ECCD951B7C6A17003D2D75 /* flMatrix4x4.mm in Sources */ = {isa = PBXBuildFile; fileRef = D2ECCD5F1B7C6A17003D2D75 /* flMatrix4x4.mm */; };
		D2ECCD961B7C6A17003D2D75 /* flNoise.mm in Sources */ = {isa = PBXBuildFile; fileRef = D2ECCD611B7C6A17003D2D75 /* flNoise.mm */; };
		D2ECCD971B7C6A17003D2D75 /* flQuaternion.mm in Sources */ = {isa = PBXBuildFile; fileRef = D2ECCD631B7C6A17003D2D75 /* flQuaternion.mm */; };
		D2ECCD981B7C6A17003D2D75 /* flRandom.mm in Sources */ = {isa = PBXBuildFile; fileRef = D2ECCD651B7C6A17003D2D75 /* flRandom.mm */; };
		D2ECCD991B7C6A17003D2D75 /* flRectangle.mm in Sources */ = {isa = PBXBuildFile; fileRef = D2ECCD671B7C6A17003D2D75 /* flRectangle.mm */; };
		D2ECCD9A1B7C6A17003D2D75 /* flVec3f.mm in Sources */ = {isa = PBXBuildFile; fileRef = D2ECCD6A1B7C6A17003D2D75 /* flVec3f.mm */; };
		D2ECCD9B1B7C6A17003D2D75 /* flVec4f.mm in Sources */ = {isa = PBXBuildFile; fileRef = D2ECCD6C1B7C6A17003D2D75 /* flVec4f.mm */; };
		D2ECCD9C1B7C6A17003D2D75 /* flMCGenerator.cpp in Sources */ = {isa = PBXBuildFile; fileRef = D2ECCD6E1B7C6A17003D2D75 /* flMCGenerator.cpp */; };
		D2ECCD9D1B7C6A17003D2D75 /* flMCNoise.cpp in Sources */ = {isa = PBXBuildFile; fileRef = D2ECCD701B7C6A17003D2D75 /* flMCNoise.cpp */; };
		D2ECCD9E1B7C6A17003D2D75 /* flMCTypes.cpp in Sources */ = {isa = PBXBuildFile; fileRef = D2ECCD721B7C6A17003D2D75 /* flMCTypes.cpp */; };
		D2ECCD9F1B7C6A17003D2D75 /* flColor.mm in Sources */ = {isa = PBXBuildFile; fileRef = D2ECCD761B7C6A17003D2D75 /* flColor.mm */; };
		D2ECCDA01B7C6A17003D2D75 /* flCommon.mm in Sources */ = {isa = PBXBuildFile; fileRef = D2ECCD791B7C6A17003D2D75 /* flCommon.mm */; };
		D2ECCDA11B7C6A17003D2D75 /* flException.mm in Sources */ = {isa = PBXBuildFile; fileRef = D2ECCD7B1B7C6A17003D2D75 /* flException.mm */; };
		D2ECCDA21B7C6A17003D2D75 /* flLoop.mm in Sources */ = {isa = PBXBuildFile; fileRef = D2ECCD7D1B7C6A17003D2D75 /* flLoop.mm */; };
		D2ECCDA31B7C6A17003D2D75 /* flStopWatch.mm in Sources */ = {isa = PBXBuildFile; fileRef = D2ECCD7F1B7C6A17003D2D75 /* flStopWatch.mm */; };
		D2ECCDA41B7C6A17003D2D75 /* flUtils.mm in Sources */ = {isa = PBXBuildFile; fileRef = D2ECCD811B7C6A17003D2D75 /* flUtils.mm */; };
/* End PBXBuildFile section */

/* Begin PBXContainerItemProxy section */
		0768DE761B66CAA400D80B9A /* PBXContainerItemProxy */ = {
			isa = PBXContainerItemProxy;
			containerPortal = 0768DE711B66CAA300D80B9A /* ImageCouple.xcodeproj */;
			proxyType = 2;
			remoteGlobalIDString = 0768DE4E1B66CAA300D80B9A;
			remoteInfo = ImageCouple;
		};
		0768DE781B66CAA400D80B9A /* PBXContainerItemProxy */ = {
			isa = PBXContainerItemProxy;
			containerPortal = 0768DE711B66CAA300D80B9A /* ImageCouple.xcodeproj */;
			proxyType = 2;
			remoteGlobalIDString = 0768DE611B66CAA300D80B9A;
			remoteInfo = ImageCoupleTests;
		};
		07D9FE741B63842100ED5F86 /* PBXContainerItemProxy */ = {
			isa = PBXContainerItemProxy;
			containerPortal = 07D9FE581B63842100ED5F86 /* Project object */;
			proxyType = 1;
			remoteGlobalIDString = 07D9FE5F1B63842100ED5F86;
			remoteInfo = GLTelemetryPict;
		};
		D2ECCDA61B7C6A17003D2D75 /* PBXContainerItemProxy */ = {
			isa = PBXContainerItemProxy;
			containerPortal = D2ECCD821B7C6A17003D2D75 /* flTinyGLUtils.xcodeproj */;
			proxyType = 2;
			remoteGlobalIDString = D2990C431B2AF15A0001689A;
			remoteInfo = flTinyGLUtils;
		};
/* End PBXContainerItemProxy section */

/* Begin PBXFileReference section */
		0768DE711B66CAA300D80B9A /* ImageCouple.xcodeproj */ = {isa = PBXFileReference; lastKnownFileType = "wrapper.pb-project"; name = ImageCouple.xcodeproj; path = ImageCouple/ImageCouple.xcodeproj; sourceTree = "<group>"; };
		07A8BB3E1B66DE61005B53CD /* NHRenderer.h */ = {isa = PBXFileReference; fileEncoding = 4; lastKnownFileType = sourcecode.c.h; path = NHRenderer.h; sourceTree = "<group>"; };
		07A8BB3F1B66DE61005B53CD /* NHRenderer.mm */ = {isa = PBXFileReference; fileEncoding = 4; lastKnownFileType = sourcecode.cpp.objcpp; path = NHRenderer.mm; sourceTree = "<group>"; };
		07A8BB411B66E03A005B53CD /* setting.h */ = {isa = PBXFileReference; lastKnownFileType = sourcecode.c.h; path = setting.h; sourceTree = "<group>"; };
		07A8BB481B6718C1005B53CD /* cEci.cpp */ = {isa = PBXFileReference; fileEncoding = 4; lastKnownFileType = sourcecode.cpp.cpp; path = cEci.cpp; sourceTree = "<group>"; };
		07A8BB491B6718C1005B53CD /* cEci.h */ = {isa = PBXFileReference; fileEncoding = 4; lastKnownFileType = sourcecode.c.h; path = cEci.h; sourceTree = "<group>"; };
		07A8BB4A1B6718C1005B53CD /* cJulian.cpp */ = {isa = PBXFileReference; fileEncoding = 4; lastKnownFileType = sourcecode.cpp.cpp; path = cJulian.cpp; sourceTree = "<group>"; };
		07A8BB4B1B6718C1005B53CD /* cJulian.h */ = {isa = PBXFileReference; fileEncoding = 4; lastKnownFileType = sourcecode.c.h; path = cJulian.h; sourceTree = "<group>"; };
		07A8BB4C1B6718C1005B53CD /* coord.cpp */ = {isa = PBXFileReference; fileEncoding = 4; lastKnownFileType = sourcecode.cpp.cpp; path = coord.cpp; sourceTree = "<group>"; };
		07A8BB4D1B6718C1005B53CD /* coord.h */ = {isa = PBXFileReference; fileEncoding = 4; lastKnownFileType = sourcecode.c.h; path = coord.h; sourceTree = "<group>"; };
		07A8BB4E1B6718C1005B53CD /* core.vcxproj */ = {isa = PBXFileReference; fileEncoding = 4; lastKnownFileType = text.xml; path = core.vcxproj; sourceTree = "<group>"; };
		07A8BB4F1B6718C1005B53CD /* core.vcxproj.filters */ = {isa = PBXFileReference; fileEncoding = 4; lastKnownFileType = text.xml; path = core.vcxproj.filters; sourceTree = "<group>"; };
		07A8BB501B6718C1005B53CD /* coreLib.h */ = {isa = PBXFileReference; fileEncoding = 4; lastKnownFileType = sourcecode.c.h; path = coreLib.h; sourceTree = "<group>"; };
		07A8BB511B6718C1005B53CD /* cSite.cpp */ = {isa = PBXFileReference; fileEncoding = 4; lastKnownFileType = sourcecode.cpp.cpp; path = cSite.cpp; sourceTree = "<group>"; };
		07A8BB521B6718C1005B53CD /* cSite.h */ = {isa = PBXFileReference; fileEncoding = 4; lastKnownFileType = sourcecode.c.h; path = cSite.h; sourceTree = "<group>"; };
		07A8BB531B6718C1005B53CD /* cTLE.cpp */ = {isa = PBXFileReference; fileEncoding = 4; lastKnownFileType = sourcecode.cpp.cpp; path = cTLE.cpp; sourceTree = "<group>"; };
		07A8BB541B6718C1005B53CD /* cTLE.h */ = {isa = PBXFileReference; fileEncoding = 4; lastKnownFileType = sourcecode.c.h; path = cTLE.h; sourceTree = "<group>"; };
		07A8BB551B6718C1005B53CD /* cVector.cpp */ = {isa = PBXFileReference; fileEncoding = 4; lastKnownFileType = sourcecode.cpp.cpp; path = cVector.cpp; sourceTree = "<group>"; };
		07A8BB561B6718C1005B53CD /* cVector.h */ = {isa = PBXFileReference; fileEncoding = 4; lastKnownFileType = sourcecode.c.h; path = cVector.h; sourceTree = "<group>"; };
		07A8BB571B6718C1005B53CD /* exceptions.h */ = {isa = PBXFileReference; fileEncoding = 4; lastKnownFileType = sourcecode.c.h; path = exceptions.h; sourceTree = "<group>"; };
		07A8BB581B6718C1005B53CD /* globals.cpp */ = {isa = PBXFileReference; fileEncoding = 4; lastKnownFileType = sourcecode.cpp.cpp; path = globals.cpp; sourceTree = "<group>"; };
		07A8BB591B6718C1005B53CD /* globals.h */ = {isa = PBXFileReference; fileEncoding = 4; lastKnownFileType = sourcecode.c.h; path = globals.h; sourceTree = "<group>"; };
		07A8BB5A1B6718C1005B53CD /* revHistory.txt */ = {isa = PBXFileReference; fileEncoding = 4; lastKnownFileType = text; path = revHistory.txt; sourceTree = "<group>"; };
		07A8BB5B1B6718C1005B53CD /* stdafx.cpp */ = {isa = PBXFileReference; fileEncoding = 4; lastKnownFileType = sourcecode.cpp.cpp; path = stdafx.cpp; sourceTree = "<group>"; };
		07A8BB5C1B6718C1005B53CD /* stdafx.h */ = {isa = PBXFileReference; fileEncoding = 4; lastKnownFileType = sourcecode.c.h; path = stdafx.h; sourceTree = "<group>"; };
		07A8BB5E1B6718C1005B53CD /* cNoradBase.cpp */ = {isa = PBXFileReference; fileEncoding = 4; lastKnownFileType = sourcecode.cpp.cpp; path = cNoradBase.cpp; sourceTree = "<group>"; };
		07A8BB5F1B6718C1005B53CD /* cNoradBase.h */ = {isa = PBXFileReference; fileEncoding = 4; lastKnownFileType = sourcecode.c.h; path = cNoradBase.h; sourceTree = "<group>"; };
		07A8BB601B6718C1005B53CD /* cNoradSDP4.cpp */ = {isa = PBXFileReference; fileEncoding = 4; lastKnownFileType = sourcecode.cpp.cpp; path = cNoradSDP4.cpp; sourceTree = "<group>"; };
		07A8BB611B6718C1005B53CD /* cNoradSDP4.h */ = {isa = PBXFileReference; fileEncoding = 4; lastKnownFileType = sourcecode.c.h; path = cNoradSDP4.h; sourceTree = "<group>"; };
		07A8BB621B6718C1005B53CD /* cNoradSGP4.cpp */ = {isa = PBXFileReference; fileEncoding = 4; lastKnownFileType = sourcecode.cpp.cpp; path = cNoradSGP4.cpp; sourceTree = "<group>"; };
		07A8BB631B6718C1005B53CD /* cNoradSGP4.h */ = {isa = PBXFileReference; fileEncoding = 4; lastKnownFileType = sourcecode.c.h; path = cNoradSGP4.h; sourceTree = "<group>"; };
		07A8BB641B6718C1005B53CD /* cOrbit.cpp */ = {isa = PBXFileReference; fileEncoding = 4; lastKnownFileType = sourcecode.cpp.cpp; path = cOrbit.cpp; sourceTree = "<group>"; };
		07A8BB651B6718C1005B53CD /* cOrbit.h */ = {isa = PBXFileReference; fileEncoding = 4; lastKnownFileType = sourcecode.c.h; path = cOrbit.h; sourceTree = "<group>"; };
		07A8BB661B6718C1005B53CD /* orbit.vcxproj */ = {isa = PBXFileReference; fileEncoding = 4; lastKnownFileType = text.xml; path = orbit.vcxproj; sourceTree = "<group>"; };
		07A8BB671B6718C1005B53CD /* orbit.vcxproj.filters */ = {isa = PBXFileReference; fileEncoding = 4; lastKnownFileType = text.xml; path = orbit.vcxproj.filters; sourceTree = "<group>"; };
		07A8BB681B6718C1005B53CD /* revHistory.txt */ = {isa = PBXFileReference; fileEncoding = 4; lastKnownFileType = text; path = revHistory.txt; sourceTree = "<group>"; };
		07A8BB691B6718C1005B53CD /* stdafx.cpp */ = {isa = PBXFileReference; fileEncoding = 4; lastKnownFileType = sourcecode.cpp.cpp; path = stdafx.cpp; sourceTree = "<group>"; };
		07A8BB6A1B6718C1005B53CD /* stdafx.h */ = {isa = PBXFileReference; fileEncoding = 4; lastKnownFileType = sourcecode.c.h; path = stdafx.h; sourceTree = "<group>"; };
		07A8BB6B1B6718C1005B53CD /* readme.txt */ = {isa = PBXFileReference; fileEncoding = 4; lastKnownFileType = text; path = readme.txt; sourceTree = "<group>"; };
		07A8BB6C1B6718C1005B53CD /* TLEReader.cpp */ = {isa = PBXFileReference; fileEncoding = 4; lastKnownFileType = sourcecode.cpp.cpp; path = TLEReader.cpp; sourceTree = "<group>"; };
		07A8BB6D1B6718C1005B53CD /* TLEReader.h */ = {isa = PBXFileReference; fileEncoding = 4; lastKnownFileType = sourcecode.c.h; path = TLEReader.h; sourceTree = "<group>"; };
		07D9FE601B63842100ED5F86 /* GLTelemetryPict.app */ = {isa = PBXFileReference; explicitFileType = wrapper.application; includeInIndex = 0; path = GLTelemetryPict.app; sourceTree = BUILT_PRODUCTS_DIR; };
		07D9FE641B63842100ED5F86 /* Info.plist */ = {isa = PBXFileReference; lastKnownFileType = text.plist.xml; path = Info.plist; sourceTree = "<group>"; };
		07D9FE681B63842100ED5F86 /* main.m */ = {isa = PBXFileReference; lastKnownFileType = sourcecode.c.objc; path = main.m; sourceTree = "<group>"; };
		07D9FE6A1B63842100ED5F86 /* Images.xcassets */ = {isa = PBXFileReference; lastKnownFileType = folder.assetcatalog; path = Images.xcassets; sourceTree = "<group>"; };
		07D9FE6D1B63842100ED5F86 /* Base */ = {isa = PBXFileReference; lastKnownFileType = file.xib; name = Base; path = Base.lproj/MainMenu.xib; sourceTree = "<group>"; };
		07D9FE731B63842100ED5F86 /* GLTelemetryPictTests.xctest */ = {isa = PBXFileReference; explicitFileType = wrapper.cfbundle; includeInIndex = 0; path = GLTelemetryPictTests.xctest; sourceTree = BUILT_PRODUCTS_DIR; };
		07D9FE781B63842100ED5F86 /* Info.plist */ = {isa = PBXFileReference; lastKnownFileType = text.plist.xml; path = Info.plist; sourceTree = "<group>"; };
		07D9FE791B63842100ED5F86 /* GLTelemetryPictTests.m */ = {isa = PBXFileReference; lastKnownFileType = sourcecode.c.objc; path = GLTelemetryPictTests.m; sourceTree = "<group>"; };
		07D9FE841B6384A800ED5F86 /* config.h */ = {isa = PBXFileReference; fileEncoding = 4; lastKnownFileType = sourcecode.c.h; path = config.h; sourceTree = "<group>"; };
		07D9FE851B6384A800ED5F86 /* Controller.h */ = {isa = PBXFileReference; fileEncoding = 4; lastKnownFileType = sourcecode.c.h; path = Controller.h; sourceTree = "<group>"; };
		07D9FE861B6384A800ED5F86 /* Controller.mm */ = {isa = PBXFileReference; fileEncoding = 4; lastKnownFileType = sourcecode.cpp.objcpp; path = Controller.mm; sourceTree = "<group>"; };
		07D9FE871B6384A800ED5F86 /* Renderer.h */ = {isa = PBXFileReference; fileEncoding = 4; lastKnownFileType = sourcecode.c.h; path = Renderer.h; sourceTree = "<group>"; };
		07D9FE881B6384A800ED5F86 /* Renderer.mm */ = {isa = PBXFileReference; fileEncoding = 4; lastKnownFileType = sourcecode.cpp.objcpp; path = Renderer.mm; sourceTree = "<group>"; };
		07D9FE8B1B6384A800ED5F86 /* charTex.h */ = {isa = PBXFileReference; fileEncoding = 4; lastKnownFileType = sourcecode.c.h; path = charTex.h; sourceTree = "<group>"; };
		07D9FE8C1B6384A800ED5F86 /* charTex.mm */ = {isa = PBXFileReference; fileEncoding = 4; lastKnownFileType = sourcecode.cpp.objcpp; path = charTex.mm; sourceTree = "<group>"; };
		07D9FE8D1B6384A800ED5F86 /* GLFrameBuffer.h */ = {isa = PBXFileReference; fileEncoding = 4; lastKnownFileType = sourcecode.c.h; path = GLFrameBuffer.h; sourceTree = "<group>"; };
		07D9FE8E1B6384A800ED5F86 /* GLFrameBuffer.mm */ = {isa = PBXFileReference; fileEncoding = 4; lastKnownFileType = sourcecode.cpp.objcpp; path = GLFrameBuffer.mm; sourceTree = "<group>"; };
		07D9FE8F1B6384A800ED5F86 /* NHGLView.h */ = {isa = PBXFileReference; fileEncoding = 4; lastKnownFileType = sourcecode.c.h; path = NHGLView.h; sourceTree = "<group>"; };
		07D9FE901B6384A800ED5F86 /* NHGLView.mm */ = {isa = PBXFileReference; fileEncoding = 4; lastKnownFileType = sourcecode.cpp.objcpp; path = NHGLView.mm; sourceTree = "<group>"; };
		07D9FE911B6384A800ED5F86 /* NHGLWrapper.cpp */ = {isa = PBXFileReference; fileEncoding = 4; lastKnownFileType = sourcecode.cpp.cpp; path = NHGLWrapper.cpp; sourceTree = "<group>"; };
		07D9FE921B6384A800ED5F86 /* NHGLWrapper.h */ = {isa = PBXFileReference; fileEncoding = 4; lastKnownFileType = sourcecode.c.h; path = NHGLWrapper.h; sourceTree = "<group>"; };
		07D9FE941B6384A800ED5F86 /* telemetryReader.cpp */ = {isa = PBXFileReference; fileEncoding = 4; lastKnownFileType = sourcecode.cpp.cpp; path = telemetryReader.cpp; sourceTree = "<group>"; };
		B20758461B64A1F5003E0BF0 /* AzimuthRenderer.mm */ = {isa = PBXFileReference; fileEncoding = 4; lastKnownFileType = sourcecode.cpp.objcpp; name = AzimuthRenderer.mm; path = Renderers/AzimuthRenderer.mm; sourceTree = "<group>"; };
		B20758471B64A1F5003E0BF0 /* AzimuthRenderer.h */ = {isa = PBXFileReference; fileEncoding = 4; lastKnownFileType = sourcecode.c.h; name = AzimuthRenderer.h; path = Renderers/AzimuthRenderer.h; sourceTree = "<group>"; };
		B207584B1B64ADF5003E0BF0 /* telemetryReaderAzimuth.h */ = {isa = PBXFileReference; fileEncoding = 4; lastKnownFileType = sourcecode.c.h; name = telemetryReaderAzimuth.h; path = Azimuth/telemetryReaderAzimuth.h; sourceTree = "<group>"; };
		B277C2841B7D79A200EB5764 /* AzimuthSubRenderer.mm */ = {isa = PBXFileReference; explicitFileType = sourcecode.cpp.objcpp; fileEncoding = 4; name = AzimuthSubRenderer.mm; path = Renderers/AzimuthSubRenderer.mm; sourceTree = "<group>"; };
		B277C2891B7D79B600EB5764 /* AzimuthSubRenderer.h */ = {isa = PBXFileReference; lastKnownFileType = sourcecode.c.h; name = AzimuthSubRenderer.h; path = Renderers/AzimuthSubRenderer.h; sourceTree = "<group>"; };
		B2CCEC4F1B67488A003B8007 /* telemetryReader.h */ = {isa = PBXFileReference; lastKnownFileType = sourcecode.c.h; path = telemetryReader.h; sourceTree = "<group>"; };
		D2ECCCA11B7C6896003D2D75 /* YOBatches.cpp */ = {isa = PBXFileReference; fileEncoding = 4; lastKnownFileType = sourcecode.cpp.cpp; path = YOBatches.cpp; sourceTree = "<group>"; };
		D2ECCCA21B7C6896003D2D75 /* YOBatches.h */ = {isa = PBXFileReference; fileEncoding = 4; lastKnownFileType = sourcecode.c.h; path = YOBatches.h; sourceTree = "<group>"; };
		D2ECCCA31B7C6896003D2D75 /* YOColorRenderer.h */ = {isa = PBXFileReference; fileEncoding = 4; lastKnownFileType = sourcecode.c.h; path = YOColorRenderer.h; sourceTree = "<group>"; };
		D2ECCCA41B7C6896003D2D75 /* YOColorRenderer.mm */ = {isa = PBXFileReference; fileEncoding = 4; lastKnownFileType = sourcecode.cpp.objcpp; path = YOColorRenderer.mm; sourceTree = "<group>"; };
		D2ECCCA51B7C6896003D2D75 /* YORenderer.h */ = {isa = PBXFileReference; fileEncoding = 4; lastKnownFileType = sourcecode.c.h; path = YORenderer.h; sourceTree = "<group>"; };
		D2ECCCA61B7C6896003D2D75 /* YORenderer.mm */ = {isa = PBXFileReference; fileEncoding = 4; lastKnownFileType = sourcecode.cpp.objcpp; path = YORenderer.mm; sourceTree = "<group>"; };
		D2ECCD3A1B7C6A17003D2D75 /* flArcball.h */ = {isa = PBXFileReference; fileEncoding = 4; lastKnownFileType = sourcecode.c.h; path = flArcball.h; sourceTree = "<group>"; };
		D2ECCD3B1B7C6A17003D2D75 /* flArcball.mm */ = {isa = PBXFileReference; fileEncoding = 4; lastKnownFileType = sourcecode.cpp.objcpp; path = flArcball.mm; sourceTree = "<group>"; };
		D2ECCD3C1B7C6A17003D2D75 /* flCamera.h */ = {isa = PBXFileReference; fileEncoding = 4; lastKnownFileType = sourcecode.c.h; path = flCamera.h; sourceTree = "<group>"; };
		D2ECCD3D1B7C6A17003D2D75 /* flCamera.mm */ = {isa = PBXFileReference; fileEncoding = 4; lastKnownFileType = sourcecode.cpp.objcpp; path = flCamera.mm; sourceTree = "<group>"; };
		D2ECCD3E1B7C6A17003D2D75 /* flMatrixStack.h */ = {isa = PBXFileReference; fileEncoding = 4; lastKnownFileType = sourcecode.c.h; path = flMatrixStack.h; sourceTree = "<group>"; };
		D2ECCD3F1B7C6A17003D2D75 /* flMatrixStack.mm */ = {isa = PBXFileReference; fileEncoding = 4; lastKnownFileType = sourcecode.cpp.objcpp; path = flMatrixStack.mm; sourceTree = "<group>"; };
		D2ECCD401B7C6A17003D2D75 /* flNode.h */ = {isa = PBXFileReference; fileEncoding = 4; lastKnownFileType = sourcecode.c.h; path = flNode.h; sourceTree = "<group>"; };
		D2ECCD411B7C6A17003D2D75 /* flNode.mm */ = {isa = PBXFileReference; fileEncoding = 4; lastKnownFileType = sourcecode.cpp.objcpp; path = flNode.mm; sourceTree = "<group>"; };
		D2ECCD431B7C6A17003D2D75 /* flBridgeIOS.h */ = {isa = PBXFileReference; fileEncoding = 4; lastKnownFileType = sourcecode.c.h; path = flBridgeIOS.h; sourceTree = "<group>"; };
		D2ECCD441B7C6A17003D2D75 /* flBridgeIOS.mm */ = {isa = PBXFileReference; fileEncoding = 4; lastKnownFileType = sourcecode.cpp.objcpp; path = flBridgeIOS.mm; sourceTree = "<group>"; };
		D2ECCD451B7C6A17003D2D75 /* flTinyGLUtils.h */ = {isa = PBXFileReference; fileEncoding = 4; lastKnownFileType = sourcecode.c.h; path = flTinyGLUtils.h; sourceTree = "<group>"; };
		D2ECCD471B7C6A17003D2D75 /* flFbo.h */ = {isa = PBXFileReference; fileEncoding = 4; lastKnownFileType = sourcecode.c.h; path = flFbo.h; sourceTree = "<group>"; };
		D2ECCD481B7C6A17003D2D75 /* flFbo.mm */ = {isa = PBXFileReference; fileEncoding = 4; lastKnownFileType = sourcecode.cpp.objcpp; path = flFbo.mm; sourceTree = "<group>"; };
		D2ECCD491B7C6A17003D2D75 /* flGLProps.h */ = {isa = PBXFileReference; fileEncoding = 4; lastKnownFileType = sourcecode.c.h; path = flGLProps.h; sourceTree = "<group>"; };
		D2ECCD4A1B7C6A17003D2D75 /* flGLProps.mm */ = {isa = PBXFileReference; fileEncoding = 4; lastKnownFileType = sourcecode.cpp.objcpp; path = flGLProps.mm; sourceTree = "<group>"; };
		D2ECCD4B1B7C6A17003D2D75 /* flGraphics.h */ = {isa = PBXFileReference; fileEncoding = 4; lastKnownFileType = sourcecode.c.h; path = flGraphics.h; sourceTree = "<group>"; };
		D2ECCD4C1B7C6A17003D2D75 /* flGraphics.mm */ = {isa = PBXFileReference; fileEncoding = 4; lastKnownFileType = sourcecode.cpp.objcpp; path = flGraphics.mm; sourceTree = "<group>"; };
		D2ECCD4D1B7C6A17003D2D75 /* flPrimitives.h */ = {isa = PBXFileReference; fileEncoding = 4; lastKnownFileType = sourcecode.c.h; path = flPrimitives.h; sourceTree = "<group>"; };
		D2ECCD4E1B7C6A17003D2D75 /* flPrimitives.mm */ = {isa = PBXFileReference; fileEncoding = 4; lastKnownFileType = sourcecode.cpp.objcpp; path = flPrimitives.mm; sourceTree = "<group>"; };
		D2ECCD4F1B7C6A17003D2D75 /* flShader.h */ = {isa = PBXFileReference; fileEncoding = 4; lastKnownFileType = sourcecode.c.h; path = flShader.h; sourceTree = "<group>"; };
		D2ECCD501B7C6A17003D2D75 /* flShader.mm */ = {isa = PBXFileReference; fileEncoding = 4; lastKnownFileType = sourcecode.cpp.objcpp; path = flShader.mm; sourceTree = "<group>"; };
		D2ECCD511B7C6A17003D2D75 /* flShaders.h */ = {isa = PBXFileReference; fileEncoding = 4; lastKnownFileType = sourcecode.c.h; path = flShaders.h; sourceTree = "<group>"; };
		D2ECCD521B7C6A17003D2D75 /* flShaders.mm */ = {isa = PBXFileReference; fileEncoding = 4; lastKnownFileType = sourcecode.cpp.objcpp; path = flShaders.mm; sourceTree = "<group>"; };
		D2ECCD531B7C6A17003D2D75 /* flStencilMask.h */ = {isa = PBXFileReference; fileEncoding = 4; lastKnownFileType = sourcecode.c.h; path = flStencilMask.h; sourceTree = "<group>"; };
		D2ECCD541B7C6A17003D2D75 /* flStencilMask.mm */ = {isa = PBXFileReference; fileEncoding = 4; lastKnownFileType = sourcecode.cpp.objcpp; path = flStencilMask.mm; sourceTree = "<group>"; };
		D2ECCD551B7C6A17003D2D75 /* flTexture.h */ = {isa = PBXFileReference; fileEncoding = 4; lastKnownFileType = sourcecode.c.h; path = flTexture.h; sourceTree = "<group>"; };
		D2ECCD561B7C6A17003D2D75 /* flTexture.mm */ = {isa = PBXFileReference; fileEncoding = 4; lastKnownFileType = sourcecode.cpp.objcpp; path = flTexture.mm; sourceTree = "<group>"; };
		D2ECCD571B7C6A17003D2D75 /* flVbo.h */ = {isa = PBXFileReference; fileEncoding = 4; lastKnownFileType = sourcecode.c.h; path = flVbo.h; sourceTree = "<group>"; };
		D2ECCD581B7C6A17003D2D75 /* flVbo.mm */ = {isa = PBXFileReference; fileEncoding = 4; lastKnownFileType = sourcecode.cpp.objcpp; path = flVbo.mm; sourceTree = "<group>"; };
		D2ECCD5A1B7C6A17003D2D75 /* flEasing.h */ = {isa = PBXFileReference; fileEncoding = 4; lastKnownFileType = sourcecode.c.h; path = flEasing.h; sourceTree = "<group>"; };
		D2ECCD5B1B7C6A17003D2D75 /* flEasing.mm */ = {isa = PBXFileReference; fileEncoding = 4; lastKnownFileType = sourcecode.cpp.objcpp; path = flEasing.mm; sourceTree = "<group>"; };
		D2ECCD5C1B7C6A17003D2D75 /* flMath.h */ = {isa = PBXFileReference; fileEncoding = 4; lastKnownFileType = sourcecode.c.h; path = flMath.h; sourceTree = "<group>"; };
		D2ECCD5D1B7C6A17003D2D75 /* flMath.mm */ = {isa = PBXFileReference; fileEncoding = 4; lastKnownFileType = sourcecode.cpp.objcpp; path = flMath.mm; sourceTree = "<group>"; };
		D2ECCD5E1B7C6A17003D2D75 /* flMatrix4x4.h */ = {isa = PBXFileReference; fileEncoding = 4; lastKnownFileType = sourcecode.c.h; path = flMatrix4x4.h; sourceTree = "<group>"; };
		D2ECCD5F1B7C6A17003D2D75 /* flMatrix4x4.mm */ = {isa = PBXFileReference; fileEncoding = 4; lastKnownFileType = sourcecode.cpp.objcpp; path = flMatrix4x4.mm; sourceTree = "<group>"; };
		D2ECCD601B7C6A17003D2D75 /* flNoise.h */ = {isa = PBXFileReference; fileEncoding = 4; lastKnownFileType = sourcecode.c.h; path = flNoise.h; sourceTree = "<group>"; };
		D2ECCD611B7C6A17003D2D75 /* flNoise.mm */ = {isa = PBXFileReference; fileEncoding = 4; lastKnownFileType = sourcecode.cpp.objcpp; path = flNoise.mm; sourceTree = "<group>"; };
		D2ECCD621B7C6A17003D2D75 /* flQuaternion.h */ = {isa = PBXFileReference; fileEncoding = 4; lastKnownFileType = sourcecode.c.h; path = flQuaternion.h; sourceTree = "<group>"; };
		D2ECCD631B7C6A17003D2D75 /* flQuaternion.mm */ = {isa = PBXFileReference; fileEncoding = 4; lastKnownFileType = sourcecode.cpp.objcpp; path = flQuaternion.mm; sourceTree = "<group>"; };
		D2ECCD641B7C6A17003D2D75 /* flRandom.h */ = {isa = PBXFileReference; fileEncoding = 4; lastKnownFileType = sourcecode.c.h; path = flRandom.h; sourceTree = "<group>"; };
		D2ECCD651B7C6A17003D2D75 /* flRandom.mm */ = {isa = PBXFileReference; fileEncoding = 4; lastKnownFileType = sourcecode.cpp.objcpp; path = flRandom.mm; sourceTree = "<group>"; };
		D2ECCD661B7C6A17003D2D75 /* flRectangle.h */ = {isa = PBXFileReference; fileEncoding = 4; lastKnownFileType = sourcecode.c.h; path = flRectangle.h; sourceTree = "<group>"; };
		D2ECCD671B7C6A17003D2D75 /* flRectangle.mm */ = {isa = PBXFileReference; fileEncoding = 4; lastKnownFileType = sourcecode.cpp.objcpp; path = flRectangle.mm; sourceTree = "<group>"; };
		D2ECCD681B7C6A17003D2D75 /* flVec2f.h */ = {isa = PBXFileReference; fileEncoding = 4; lastKnownFileType = sourcecode.c.h; path = flVec2f.h; sourceTree = "<group>"; };
		D2ECCD691B7C6A17003D2D75 /* flVec3f.h */ = {isa = PBXFileReference; fileEncoding = 4; lastKnownFileType = sourcecode.c.h; path = flVec3f.h; sourceTree = "<group>"; };
		D2ECCD6A1B7C6A17003D2D75 /* flVec3f.mm */ = {isa = PBXFileReference; fileEncoding = 4; lastKnownFileType = sourcecode.cpp.objcpp; path = flVec3f.mm; sourceTree = "<group>"; };
		D2ECCD6B1B7C6A17003D2D75 /* flVec4f.h */ = {isa = PBXFileReference; fileEncoding = 4; lastKnownFileType = sourcecode.c.h; path = flVec4f.h; sourceTree = "<group>"; };
		D2ECCD6C1B7C6A17003D2D75 /* flVec4f.mm */ = {isa = PBXFileReference; fileEncoding = 4; lastKnownFileType = sourcecode.cpp.objcpp; path = flVec4f.mm; sourceTree = "<group>"; };
		D2ECCD6E1B7C6A17003D2D75 /* flMCGenerator.cpp */ = {isa = PBXFileReference; fileEncoding = 4; lastKnownFileType = sourcecode.cpp.cpp; path = flMCGenerator.cpp; sourceTree = "<group>"; };
		D2ECCD6F1B7C6A17003D2D75 /* flMCGenerator.h */ = {isa = PBXFileReference; fileEncoding = 4; lastKnownFileType = sourcecode.c.h; path = flMCGenerator.h; sourceTree = "<group>"; };
		D2ECCD701B7C6A17003D2D75 /* flMCNoise.cpp */ = {isa = PBXFileReference; fileEncoding = 4; lastKnownFileType = sourcecode.cpp.cpp; path = flMCNoise.cpp; sourceTree = "<group>"; };
		D2ECCD711B7C6A17003D2D75 /* flMCNoise.h */ = {isa = PBXFileReference; fileEncoding = 4; lastKnownFileType = sourcecode.c.h; path = flMCNoise.h; sourceTree = "<group>"; };
		D2ECCD721B7C6A17003D2D75 /* flMCTypes.cpp */ = {isa = PBXFileReference; fileEncoding = 4; lastKnownFileType = sourcecode.cpp.cpp; path = flMCTypes.cpp; sourceTree = "<group>"; };
		D2ECCD731B7C6A17003D2D75 /* flMCTypes.h */ = {isa = PBXFileReference; fileEncoding = 4; lastKnownFileType = sourcecode.c.h; path = flMCTypes.h; sourceTree = "<group>"; };
		D2ECCD751B7C6A17003D2D75 /* flColor.h */ = {isa = PBXFileReference; fileEncoding = 4; lastKnownFileType = sourcecode.c.h; path = flColor.h; sourceTree = "<group>"; };
		D2ECCD761B7C6A17003D2D75 /* flColor.mm */ = {isa = PBXFileReference; fileEncoding = 4; lastKnownFileType = sourcecode.cpp.objcpp; path = flColor.mm; sourceTree = "<group>"; };
		D2ECCD781B7C6A17003D2D75 /* flCommon.h */ = {isa = PBXFileReference; fileEncoding = 4; lastKnownFileType = sourcecode.c.h; path = flCommon.h; sourceTree = "<group>"; };
		D2ECCD791B7C6A17003D2D75 /* flCommon.mm */ = {isa = PBXFileReference; fileEncoding = 4; lastKnownFileType = sourcecode.cpp.objcpp; path = flCommon.mm; sourceTree = "<group>"; };
		D2ECCD7A1B7C6A17003D2D75 /* flException.h */ = {isa = PBXFileReference; fileEncoding = 4; lastKnownFileType = sourcecode.c.h; path = flException.h; sourceTree = "<group>"; };
		D2ECCD7B1B7C6A17003D2D75 /* flException.mm */ = {isa = PBXFileReference; fileEncoding = 4; lastKnownFileType = sourcecode.cpp.objcpp; path = flException.mm; sourceTree = "<group>"; };
		D2ECCD7C1B7C6A17003D2D75 /* flLoop.h */ = {isa = PBXFileReference; fileEncoding = 4; lastKnownFileType = sourcecode.c.h; path = flLoop.h; sourceTree = "<group>"; };
		D2ECCD7D1B7C6A17003D2D75 /* flLoop.mm */ = {isa = PBXFileReference; fileEncoding = 4; lastKnownFileType = sourcecode.cpp.objcpp; path = flLoop.mm; sourceTree = "<group>"; };
		D2ECCD7E1B7C6A17003D2D75 /* flStopWatch.h */ = {isa = PBXFileReference; fileEncoding = 4; lastKnownFileType = sourcecode.c.h; path = flStopWatch.h; sourceTree = "<group>"; };
		D2ECCD7F1B7C6A17003D2D75 /* flStopWatch.mm */ = {isa = PBXFileReference; fileEncoding = 4; lastKnownFileType = sourcecode.cpp.objcpp; path = flStopWatch.mm; sourceTree = "<group>"; };
		D2ECCD801B7C6A17003D2D75 /* flUtils.h */ = {isa = PBXFileReference; fileEncoding = 4; lastKnownFileType = sourcecode.c.h; path = flUtils.h; sourceTree = "<group>"; };
		D2ECCD811B7C6A17003D2D75 /* flUtils.mm */ = {isa = PBXFileReference; fileEncoding = 4; lastKnownFileType = sourcecode.cpp.objcpp; path = flUtils.mm; sourceTree = "<group>"; };
		D2ECCD821B7C6A17003D2D75 /* flTinyGLUtils.xcodeproj */ = {isa = PBXFileReference; lastKnownFileType = "wrapper.pb-project"; path = flTinyGLUtils.xcodeproj; sourceTree = "<group>"; };
/* End PBXFileReference section */

/* Begin PBXFrameworksBuildPhase section */
		07D9FE5D1B63842100ED5F86 /* Frameworks */ = {
			isa = PBXFrameworksBuildPhase;
			buildActionMask = 2147483647;
			files = (
			);
			runOnlyForDeploymentPostprocessing = 0;
		};
		07D9FE701B63842100ED5F86 /* Frameworks */ = {
			isa = PBXFrameworksBuildPhase;
			buildActionMask = 2147483647;
			files = (
			);
			runOnlyForDeploymentPostprocessing = 0;
		};
/* End PBXFrameworksBuildPhase section */

/* Begin PBXGroup section */
		0768DE721B66CAA300D80B9A /* Products */ = {
			isa = PBXGroup;
			children = (
				0768DE771B66CAA400D80B9A /* ImageCouple.app */,
				0768DE791B66CAA400D80B9A /* ImageCoupleTests.xctest */,
			);
			name = Products;
			sourceTree = "<group>";
		};
		07A8BB451B6718C1005B53CD /* TLE */ = {
			isa = PBXGroup;
			children = (
				07A8BB461B6718C1005B53CD /* orbitTools */,
				07A8BB6D1B6718C1005B53CD /* TLEReader.h */,
				07A8BB6C1B6718C1005B53CD /* TLEReader.cpp */,
			);
			path = TLE;
			sourceTree = "<group>";
		};
		07A8BB461B6718C1005B53CD /* orbitTools */ = {
			isa = PBXGroup;
			children = (
				07A8BB471B6718C1005B53CD /* core */,
				07A8BB5D1B6718C1005B53CD /* orbit */,
				07A8BB6B1B6718C1005B53CD /* readme.txt */,
			);
			path = orbitTools;
			sourceTree = "<group>";
		};
		07A8BB471B6718C1005B53CD /* core */ = {
			isa = PBXGroup;
			children = (
				07A8BB481B6718C1005B53CD /* cEci.cpp */,
				07A8BB491B6718C1005B53CD /* cEci.h */,
				07A8BB4A1B6718C1005B53CD /* cJulian.cpp */,
				07A8BB4B1B6718C1005B53CD /* cJulian.h */,
				07A8BB4C1B6718C1005B53CD /* coord.cpp */,
				07A8BB4D1B6718C1005B53CD /* coord.h */,
				07A8BB4E1B6718C1005B53CD /* core.vcxproj */,
				07A8BB4F1B6718C1005B53CD /* core.vcxproj.filters */,
				07A8BB501B6718C1005B53CD /* coreLib.h */,
				07A8BB511B6718C1005B53CD /* cSite.cpp */,
				07A8BB521B6718C1005B53CD /* cSite.h */,
				07A8BB531B6718C1005B53CD /* cTLE.cpp */,
				07A8BB541B6718C1005B53CD /* cTLE.h */,
				07A8BB551B6718C1005B53CD /* cVector.cpp */,
				07A8BB561B6718C1005B53CD /* cVector.h */,
				07A8BB571B6718C1005B53CD /* exceptions.h */,
				07A8BB581B6718C1005B53CD /* globals.cpp */,
				07A8BB591B6718C1005B53CD /* globals.h */,
				07A8BB5A1B6718C1005B53CD /* revHistory.txt */,
				07A8BB5B1B6718C1005B53CD /* stdafx.cpp */,
				07A8BB5C1B6718C1005B53CD /* stdafx.h */,
			);
			path = core;
			sourceTree = "<group>";
		};
		07A8BB5D1B6718C1005B53CD /* orbit */ = {
			isa = PBXGroup;
			children = (
				07A8BB5E1B6718C1005B53CD /* cNoradBase.cpp */,
				07A8BB5F1B6718C1005B53CD /* cNoradBase.h */,
				07A8BB601B6718C1005B53CD /* cNoradSDP4.cpp */,
				07A8BB611B6718C1005B53CD /* cNoradSDP4.h */,
				07A8BB621B6718C1005B53CD /* cNoradSGP4.cpp */,
				07A8BB631B6718C1005B53CD /* cNoradSGP4.h */,
				07A8BB641B6718C1005B53CD /* cOrbit.cpp */,
				07A8BB651B6718C1005B53CD /* cOrbit.h */,
				07A8BB661B6718C1005B53CD /* orbit.vcxproj */,
				07A8BB671B6718C1005B53CD /* orbit.vcxproj.filters */,
				07A8BB681B6718C1005B53CD /* revHistory.txt */,
				07A8BB691B6718C1005B53CD /* stdafx.cpp */,
				07A8BB6A1B6718C1005B53CD /* stdafx.h */,
			);
			path = orbit;
			sourceTree = "<group>";
		};
		07D9FE571B63842100ED5F86 = {
			isa = PBXGroup;
			children = (
				07D9FE621B63842100ED5F86 /* GLTelemetryPict */,
				07D9FE761B63842100ED5F86 /* GLTelemetryPictTests */,
				07D9FE611B63842100ED5F86 /* Products */,
				0768DE711B66CAA300D80B9A /* ImageCouple.xcodeproj */,
			);
			sourceTree = "<group>";
		};
		07D9FE611B63842100ED5F86 /* Products */ = {
			isa = PBXGroup;
			children = (
				07D9FE601B63842100ED5F86 /* GLTelemetryPict.app */,
				07D9FE731B63842100ED5F86 /* GLTelemetryPictTests.xctest */,
			);
			name = Products;
			sourceTree = "<group>";
		};
		07D9FE621B63842100ED5F86 /* GLTelemetryPict */ = {
			isa = PBXGroup;
			children = (
				07A8BB451B6718C1005B53CD /* TLE */,
				07D9FE831B6384A800ED5F86 /* base */,
				07D9FE8A1B6384A800ED5F86 /* GL */,
				07D9FE931B6384A800ED5F86 /* telemetry */,
				07D9FE6A1B63842100ED5F86 /* Images.xcassets */,
				07D9FE6C1B63842100ED5F86 /* MainMenu.xib */,
				07D9FE631B63842100ED5F86 /* Supporting Files */,
			);
			path = GLTelemetryPict;
			sourceTree = "<group>";
		};
		07D9FE631B63842100ED5F86 /* Supporting Files */ = {
			isa = PBXGroup;
			children = (
				07D9FE641B63842100ED5F86 /* Info.plist */,
				07D9FE681B63842100ED5F86 /* main.m */,
			);
			name = "Supporting Files";
			sourceTree = "<group>";
		};
		07D9FE761B63842100ED5F86 /* GLTelemetryPictTests */ = {
			isa = PBXGroup;
			children = (
				07D9FE791B63842100ED5F86 /* GLTelemetryPictTests.m */,
				07D9FE771B63842100ED5F86 /* Supporting Files */,
			);
			path = GLTelemetryPictTests;
			sourceTree = "<group>";
		};
		07D9FE771B63842100ED5F86 /* Supporting Files */ = {
			isa = PBXGroup;
			children = (
				07D9FE781B63842100ED5F86 /* Info.plist */,
			);
			name = "Supporting Files";
			sourceTree = "<group>";
		};
		07D9FE831B6384A800ED5F86 /* base */ = {
			isa = PBXGroup;
			children = (
				07D9FE841B6384A800ED5F86 /* config.h */,
				07A8BB411B66E03A005B53CD /* setting.h */,
				07D9FE851B6384A800ED5F86 /* Controller.h */,
				07D9FE861B6384A800ED5F86 /* Controller.mm */,
				07D9FE871B6384A800ED5F86 /* Renderer.h */,
				07D9FE881B6384A800ED5F86 /* Renderer.mm */,
				B207583E1B649894003E0BF0 /* Renderers */,
			);
			path = base;
			sourceTree = "<group>";
		};
		07D9FE8A1B6384A800ED5F86 /* GL */ = {
			isa = PBXGroup;
			children = (
				07D9FE8B1B6384A800ED5F86 /* charTex.h */,
				07D9FE8C1B6384A800ED5F86 /* charTex.mm */,
				07D9FE8D1B6384A800ED5F86 /* GLFrameBuffer.h */,
				07D9FE8E1B6384A800ED5F86 /* GLFrameBuffer.mm */,
				07D9FE8F1B6384A800ED5F86 /* NHGLView.h */,
				07D9FE901B6384A800ED5F86 /* NHGLView.mm */,
				07D9FE911B6384A800ED5F86 /* NHGLWrapper.cpp */,
				07D9FE921B6384A800ED5F86 /* NHGLWrapper.h */,
			);
			path = GL;
			sourceTree = "<group>";
		};
		07D9FE931B6384A800ED5F86 /* telemetry */ = {
			isa = PBXGroup;
			children = (
				B20758491B64ADBA003E0BF0 /* Azimuth */,
				B2CCEC4F1B67488A003B8007 /* telemetryReader.h */,
				07D9FE941B6384A800ED5F86 /* telemetryReader.cpp */,
			);
			path = telemetry;
			sourceTree = "<group>";
		};
		B207583E1B649894003E0BF0 /* Renderers */ = {
			isa = PBXGroup;
			children = (
				07A8BB3E1B66DE61005B53CD /* NHRenderer.h */,
				07A8BB3F1B66DE61005B53CD /* NHRenderer.mm */,
				B20758471B64A1F5003E0BF0 /* AzimuthRenderer.h */,
				B20758461B64A1F5003E0BF0 /* AzimuthRenderer.mm */,
				B277C2841B7D79A200EB5764 /* AzimuthSubRenderer.mm */,
				B277C2891B7D79B600EB5764 /* AzimuthSubRenderer.h */,
				D2ECCC981B7C6896003D2D75 /* YO */,
			);
			name = Renderers;
			sourceTree = "<group>";
		};
		B20758491B64ADBA003E0BF0 /* Azimuth */ = {
			isa = PBXGroup;
			children = (
				B207584B1B64ADF5003E0BF0 /* telemetryReaderAzimuth.h */,
			);
			name = Azimuth;
			sourceTree = "<group>";
		};
		D2ECCC981B7C6896003D2D75 /* YO */ = {
			isa = PBXGroup;
			children = (
				D2ECCD371B7C6A17003D2D75 /* flTinyGLUtils */,
				D2ECCCA21B7C6896003D2D75 /* YOBatches.h */,
				D2ECCCA11B7C6896003D2D75 /* YOBatches.cpp */,
				D2ECCCA31B7C6896003D2D75 /* YOColorRenderer.h */,
				D2ECCCA41B7C6896003D2D75 /* YOColorRenderer.mm */,
				D2ECCCA51B7C6896003D2D75 /* YORenderer.h */,
				D2ECCCA61B7C6896003D2D75 /* YORenderer.mm */,
			);
			name = YO;
			path = Renderers/YO;
			sourceTree = "<group>";
		};
		D2ECCD371B7C6A17003D2D75 /* flTinyGLUtils */ = {
			isa = PBXGroup;
			children = (
				D2ECCD381B7C6A17003D2D75 /* flTinyGLUtils */,
				D2ECCD821B7C6A17003D2D75 /* flTinyGLUtils.xcodeproj */,
			);
			path = flTinyGLUtils;
			sourceTree = "<group>";
		};
		D2ECCD381B7C6A17003D2D75 /* flTinyGLUtils */ = {
			isa = PBXGroup;
			children = (
				D2ECCD391B7C6A17003D2D75 /* 3D */,
				D2ECCD421B7C6A17003D2D75 /* bridge */,
				D2ECCD451B7C6A17003D2D75 /* flTinyGLUtils.h */,
				D2ECCD461B7C6A17003D2D75 /* gl */,
				D2ECCD591B7C6A17003D2D75 /* math */,
				D2ECCD6D1B7C6A17003D2D75 /* MultiColor */,
				D2ECCD741B7C6A17003D2D75 /* types */,
				D2ECCD771B7C6A17003D2D75 /* utils */,
			);
			path = flTinyGLUtils;
			sourceTree = "<group>";
		};
		D2ECCD391B7C6A17003D2D75 /* 3D */ = {
			isa = PBXGroup;
			children = (
				D2ECCD3A1B7C6A17003D2D75 /* flArcball.h */,
				D2ECCD3B1B7C6A17003D2D75 /* flArcball.mm */,
				D2ECCD3C1B7C6A17003D2D75 /* flCamera.h */,
				D2ECCD3D1B7C6A17003D2D75 /* flCamera.mm */,
				D2ECCD3E1B7C6A17003D2D75 /* flMatrixStack.h */,
				D2ECCD3F1B7C6A17003D2D75 /* flMatrixStack.mm */,
				D2ECCD401B7C6A17003D2D75 /* flNode.h */,
				D2ECCD411B7C6A17003D2D75 /* flNode.mm */,
			);
			path = 3D;
			sourceTree = "<group>";
		};
		D2ECCD421B7C6A17003D2D75 /* bridge */ = {
			isa = PBXGroup;
			children = (
				D2ECCD431B7C6A17003D2D75 /* flBridgeIOS.h */,
				D2ECCD441B7C6A17003D2D75 /* flBridgeIOS.mm */,
			);
			path = bridge;
			sourceTree = "<group>";
		};
		D2ECCD461B7C6A17003D2D75 /* gl */ = {
			isa = PBXGroup;
			children = (
				D2ECCD471B7C6A17003D2D75 /* flFbo.h */,
				D2ECCD481B7C6A17003D2D75 /* flFbo.mm */,
				D2ECCD491B7C6A17003D2D75 /* flGLProps.h */,
				D2ECCD4A1B7C6A17003D2D75 /* flGLProps.mm */,
				D2ECCD4B1B7C6A17003D2D75 /* flGraphics.h */,
				D2ECCD4C1B7C6A17003D2D75 /* flGraphics.mm */,
				D2ECCD4D1B7C6A17003D2D75 /* flPrimitives.h */,
				D2ECCD4E1B7C6A17003D2D75 /* flPrimitives.mm */,
				D2ECCD4F1B7C6A17003D2D75 /* flShader.h */,
				D2ECCD501B7C6A17003D2D75 /* flShader.mm */,
				D2ECCD511B7C6A17003D2D75 /* flShaders.h */,
				D2ECCD521B7C6A17003D2D75 /* flShaders.mm */,
				D2ECCD531B7C6A17003D2D75 /* flStencilMask.h */,
				D2ECCD541B7C6A17003D2D75 /* flStencilMask.mm */,
				D2ECCD551B7C6A17003D2D75 /* flTexture.h */,
				D2ECCD561B7C6A17003D2D75 /* flTexture.mm */,
				D2ECCD571B7C6A17003D2D75 /* flVbo.h */,
				D2ECCD581B7C6A17003D2D75 /* flVbo.mm */,
			);
			path = gl;
			sourceTree = "<group>";
		};
		D2ECCD591B7C6A17003D2D75 /* math */ = {
			isa = PBXGroup;
			children = (
				D2ECCD5A1B7C6A17003D2D75 /* flEasing.h */,
				D2ECCD5B1B7C6A17003D2D75 /* flEasing.mm */,
				D2ECCD5C1B7C6A17003D2D75 /* flMath.h */,
				D2ECCD5D1B7C6A17003D2D75 /* flMath.mm */,
				D2ECCD5E1B7C6A17003D2D75 /* flMatrix4x4.h */,
				D2ECCD5F1B7C6A17003D2D75 /* flMatrix4x4.mm */,
				D2ECCD601B7C6A17003D2D75 /* flNoise.h */,
				D2ECCD611B7C6A17003D2D75 /* flNoise.mm */,
				D2ECCD621B7C6A17003D2D75 /* flQuaternion.h */,
				D2ECCD631B7C6A17003D2D75 /* flQuaternion.mm */,
				D2ECCD641B7C6A17003D2D75 /* flRandom.h */,
				D2ECCD651B7C6A17003D2D75 /* flRandom.mm */,
				D2ECCD661B7C6A17003D2D75 /* flRectangle.h */,
				D2ECCD671B7C6A17003D2D75 /* flRectangle.mm */,
				D2ECCD681B7C6A17003D2D75 /* flVec2f.h */,
				D2ECCD691B7C6A17003D2D75 /* flVec3f.h */,
				D2ECCD6A1B7C6A17003D2D75 /* flVec3f.mm */,
				D2ECCD6B1B7C6A17003D2D75 /* flVec4f.h */,
				D2ECCD6C1B7C6A17003D2D75 /* flVec4f.mm */,
			);
			path = math;
			sourceTree = "<group>";
		};
		D2ECCD6D1B7C6A17003D2D75 /* MultiColor */ = {
			isa = PBXGroup;
			children = (
				D2ECCD6E1B7C6A17003D2D75 /* flMCGenerator.cpp */,
				D2ECCD6F1B7C6A17003D2D75 /* flMCGenerator.h */,
				D2ECCD701B7C6A17003D2D75 /* flMCNoise.cpp */,
				D2ECCD711B7C6A17003D2D75 /* flMCNoise.h */,
				D2ECCD721B7C6A17003D2D75 /* flMCTypes.cpp */,
				D2ECCD731B7C6A17003D2D75 /* flMCTypes.h */,
			);
			path = MultiColor;
			sourceTree = "<group>";
		};
		D2ECCD741B7C6A17003D2D75 /* types */ = {
			isa = PBXGroup;
			children = (
				D2ECCD751B7C6A17003D2D75 /* flColor.h */,
				D2ECCD761B7C6A17003D2D75 /* flColor.mm */,
			);
			path = types;
			sourceTree = "<group>";
		};
		D2ECCD771B7C6A17003D2D75 /* utils */ = {
			isa = PBXGroup;
			children = (
				D2ECCD781B7C6A17003D2D75 /* flCommon.h */,
				D2ECCD791B7C6A17003D2D75 /* flCommon.mm */,
				D2ECCD7A1B7C6A17003D2D75 /* flException.h */,
				D2ECCD7B1B7C6A17003D2D75 /* flException.mm */,
				D2ECCD7C1B7C6A17003D2D75 /* flLoop.h */,
				D2ECCD7D1B7C6A17003D2D75 /* flLoop.mm */,
				D2ECCD7E1B7C6A17003D2D75 /* flStopWatch.h */,
				D2ECCD7F1B7C6A17003D2D75 /* flStopWatch.mm */,
				D2ECCD801B7C6A17003D2D75 /* flUtils.h */,
				D2ECCD811B7C6A17003D2D75 /* flUtils.mm */,
			);
			path = utils;
			sourceTree = "<group>";
		};
		D2ECCD831B7C6A17003D2D75 /* Products */ = {
			isa = PBXGroup;
			children = (
				D2ECCDA71B7C6A17003D2D75 /* libflTinyGLUtils.a */,
			);
			name = Products;
			sourceTree = "<group>";
		};
/* End PBXGroup section */

/* Begin PBXNativeTarget section */
		07D9FE5F1B63842100ED5F86 /* GLTelemetryPict */ = {
			isa = PBXNativeTarget;
			buildConfigurationList = 07D9FE7D1B63842100ED5F86 /* Build configuration list for PBXNativeTarget "GLTelemetryPict" */;
			buildPhases = (
				07D9FE5C1B63842100ED5F86 /* Sources */,
				07D9FE5D1B63842100ED5F86 /* Frameworks */,
				07D9FE5E1B63842100ED5F86 /* Resources */,
			);
			buildRules = (
			);
			dependencies = (
			);
			name = GLTelemetryPict;
			productName = GLTelemetryPict;
			productReference = 07D9FE601B63842100ED5F86 /* GLTelemetryPict.app */;
			productType = "com.apple.product-type.application";
		};
		07D9FE721B63842100ED5F86 /* GLTelemetryPictTests */ = {
			isa = PBXNativeTarget;
			buildConfigurationList = 07D9FE801B63842100ED5F86 /* Build configuration list for PBXNativeTarget "GLTelemetryPictTests" */;
			buildPhases = (
				07D9FE6F1B63842100ED5F86 /* Sources */,
				07D9FE701B63842100ED5F86 /* Frameworks */,
				07D9FE711B63842100ED5F86 /* Resources */,
			);
			buildRules = (
			);
			dependencies = (
				07D9FE751B63842100ED5F86 /* PBXTargetDependency */,
			);
			name = GLTelemetryPictTests;
			productName = GLTelemetryPictTests;
			productReference = 07D9FE731B63842100ED5F86 /* GLTelemetryPictTests.xctest */;
			productType = "com.apple.product-type.bundle.unit-test";
		};
/* End PBXNativeTarget section */

/* Begin PBXProject section */
		07D9FE581B63842100ED5F86 /* Project object */ = {
			isa = PBXProject;
			attributes = {
				LastUpgradeCheck = 0620;
				ORGANIZATIONNAME = h;
				TargetAttributes = {
					07D9FE5F1B63842100ED5F86 = {
						CreatedOnToolsVersion = 6.2;
					};
					07D9FE721B63842100ED5F86 = {
						CreatedOnToolsVersion = 6.2;
						TestTargetID = 07D9FE5F1B63842100ED5F86;
					};
				};
			};
			buildConfigurationList = 07D9FE5B1B63842100ED5F86 /* Build configuration list for PBXProject "GLTelemetryPict" */;
			compatibilityVersion = "Xcode 3.2";
			developmentRegion = English;
			hasScannedForEncodings = 0;
			knownRegions = (
				en,
				Base,
			);
			mainGroup = 07D9FE571B63842100ED5F86;
			productRefGroup = 07D9FE611B63842100ED5F86 /* Products */;
			projectDirPath = "";
			projectReferences = (
				{
					ProductGroup = D2ECCD831B7C6A17003D2D75 /* Products */;
					ProjectRef = D2ECCD821B7C6A17003D2D75 /* flTinyGLUtils.xcodeproj */;
				},
				{
					ProductGroup = 0768DE721B66CAA300D80B9A /* Products */;
					ProjectRef = 0768DE711B66CAA300D80B9A /* ImageCouple.xcodeproj */;
				},
			);
			projectRoot = "";
			targets = (
				07D9FE5F1B63842100ED5F86 /* GLTelemetryPict */,
				07D9FE721B63842100ED5F86 /* GLTelemetryPictTests */,
			);
		};
/* End PBXProject section */

/* Begin PBXReferenceProxy section */
		0768DE771B66CAA400D80B9A /* ImageCouple.app */ = {
			isa = PBXReferenceProxy;
			fileType = wrapper.application;
			path = ImageCouple.app;
			remoteRef = 0768DE761B66CAA400D80B9A /* PBXContainerItemProxy */;
			sourceTree = BUILT_PRODUCTS_DIR;
		};
		0768DE791B66CAA400D80B9A /* ImageCoupleTests.xctest */ = {
			isa = PBXReferenceProxy;
			fileType = wrapper.cfbundle;
			path = ImageCoupleTests.xctest;
			remoteRef = 0768DE781B66CAA400D80B9A /* PBXContainerItemProxy */;
			sourceTree = BUILT_PRODUCTS_DIR;
		};
		D2ECCDA71B7C6A17003D2D75 /* libflTinyGLUtils.a */ = {
			isa = PBXReferenceProxy;
			fileType = archive.ar;
			path = libflTinyGLUtils.a;
			remoteRef = D2ECCDA61B7C6A17003D2D75 /* PBXContainerItemProxy */;
			sourceTree = BUILT_PRODUCTS_DIR;
		};
/* End PBXReferenceProxy section */

/* Begin PBXResourcesBuildPhase section */
		07D9FE5E1B63842100ED5F86 /* Resources */ = {
			isa = PBXResourcesBuildPhase;
			buildActionMask = 2147483647;
			files = (
				07D9FE6B1B63842100ED5F86 /* Images.xcassets in Resources */,
				07A8BB711B6718C1005B53CD /* core.vcxproj in Resources */,
				07A8BB721B6718C1005B53CD /* core.vcxproj.filters in Resources */,
				07A8BB7F1B6718C1005B53CD /* revHistory.txt in Resources */,
				07A8BB7E1B6718C1005B53CD /* orbit.vcxproj.filters in Resources */,
				07A8BB7D1B6718C1005B53CD /* orbit.vcxproj in Resources */,
				07A8BB811B6718C1005B53CD /* readme.txt in Resources */,
				07D9FE6E1B63842100ED5F86 /* MainMenu.xib in Resources */,
				07A8BB771B6718C1005B53CD /* revHistory.txt in Resources */,
			);
			runOnlyForDeploymentPostprocessing = 0;
		};
		07D9FE711B63842100ED5F86 /* Resources */ = {
			isa = PBXResourcesBuildPhase;
			buildActionMask = 2147483647;
			files = (
			);
			runOnlyForDeploymentPostprocessing = 0;
		};
/* End PBXResourcesBuildPhase section */

/* Begin PBXSourcesBuildPhase section */
		07D9FE5C1B63842100ED5F86 /* Sources */ = {
			isa = PBXSourcesBuildPhase;
			buildActionMask = 2147483647;
			files = (
				D2ECCD891B7C6A17003D2D75 /* flBridgeIOS.mm in Sources */,
				07A8BB7B1B6718C1005B53CD /* cNoradSGP4.cpp in Sources */,
				D2ECCDA41B7C6A17003D2D75 /* flUtils.mm in Sources */,
				07A8BB761B6718C1005B53CD /* globals.cpp in Sources */,
				07D9FE991B6384A800ED5F86 /* GLFrameBuffer.mm in Sources */,
				07D9FE981B6384A800ED5F86 /* charTex.mm in Sources */,
				B20758481B64A1F5003E0BF0 /* AzimuthRenderer.mm in Sources */,
				07A8BB7A1B6718C1005B53CD /* cNoradSDP4.cpp in Sources */,
				07A8BB791B6718C1005B53CD /* cNoradBase.cpp in Sources */,
				B277C2851B7D79A200EB5764 /* AzimuthSubRenderer.mm in Sources */,
				D2ECCD851B7C6A17003D2D75 /* flArcball.mm in Sources */,
				07D9FE9C1B6384A800ED5F86 /* telemetryReader.cpp in Sources */,
				07A8BB6E1B6718C1005B53CD /* cEci.cpp in Sources */,
				D2ECCD8C1B7C6A17003D2D75 /* flGraphics.mm in Sources */,
				07A8BB751B6718C1005B53CD /* cVector.cpp in Sources */,
				D2ECCD8D1B7C6A17003D2D75 /* flPrimitives.mm in Sources */,
				07D9FE9B1B6384A800ED5F86 /* NHGLWrapper.cpp in Sources */,
				07A8BB821B6718C1005B53CD /* TLEReader.cpp in Sources */,
				D2ECCCAC1B7C6896003D2D75 /* YORenderer.mm in Sources */,
				07A8BB6F1B6718C1005B53CD /* cJulian.cpp in Sources */,
				D2ECCD921B7C6A17003D2D75 /* flVbo.mm in Sources */,
				07A8BB781B6718C1005B53CD /* stdafx.cpp in Sources */,
				D2ECCD931B7C6A17003D2D75 /* flEasing.mm in Sources */,
				07D9FE691B63842100ED5F86 /* main.m in Sources */,
				D2ECCD881B7C6A17003D2D75 /* flNode.mm in Sources */,
				D2ECCD871B7C6A17003D2D75 /* flMatrixStack.mm in Sources */,
				D2ECCD901B7C6A17003D2D75 /* flStencilMask.mm in Sources */,
				D2ECCD911B7C6A17003D2D75 /* flTexture.mm in Sources */,
				D2ECCD9D1B7C6A17003D2D75 /* flMCNoise.cpp in Sources */,
				D2ECCD9E1B7C6A17003D2D75 /* flMCTypes.cpp in Sources */,
				D2ECCD9C1B7C6A17003D2D75 /* flMCGenerator.cpp in Sources */,
				07D9FE971B6384A800ED5F86 /* Renderer.mm in Sources */,
				D2ECCDA01B7C6A17003D2D75 /* flCommon.mm in Sources */,
				D2ECCD941B7C6A17003D2D75 /* flMath.mm in Sources */,
				D2ECCD9F1B7C6A17003D2D75 /* flColor.mm in Sources */,
				07D9FE9A1B6384A800ED5F86 /* NHGLView.mm in Sources */,
				D2ECCD981B7C6A17003D2D75 /* flRandom.mm in Sources */,
				07A8BB7C1B6718C1005B53CD /* cOrbit.cpp in Sources */,
				D2ECCCAA1B7C6896003D2D75 /* YOBatches.cpp in Sources */,
				D2ECCDA31B7C6A17003D2D75 /* flStopWatch.mm in Sources */,
				D2ECCD8F1B7C6A17003D2D75 /* flShaders.mm in Sources */,
				D2ECCD9A1B7C6A17003D2D75 /* flVec3f.mm in Sources */,
				D2ECCDA21B7C6A17003D2D75 /* flLoop.mm in Sources */,
				D2ECCD861B7C6A17003D2D75 /* flCamera.mm in Sources */,
				B2CCEC521B6748D2003B8007 /* NHRenderer.mm in Sources */,
				D2ECCCAB1B7C6896003D2D75 /* YOColorRenderer.mm in Sources */,
				D2ECCD961B7C6A17003D2D75 /* flNoise.mm in Sources */,
				D2ECCD8A1B7C6A17003D2D75 /* flFbo.mm in Sources */,
				07A8BB741B6718C1005B53CD /* cTLE.cpp in Sources */,
				D2ECCD951B7C6A17003D2D75 /* flMatrix4x4.mm in Sources */,
				D2ECCD8B1B7C6A17003D2D75 /* flGLProps.mm in Sources */,
				07A8BB701B6718C1005B53CD /* coord.cpp in Sources */,
				07A8BB731B6718C1005B53CD /* cSite.cpp in Sources */,
				D2ECCD9B1B7C6A17003D2D75 /* flVec4f.mm in Sources */,
				07A8BB801B6718C1005B53CD /* stdafx.cpp in Sources */,
				D2ECCD971B7C6A17003D2D75 /* flQuaternion.mm in Sources */,
				D2ECCD991B7C6A17003D2D75 /* flRectangle.mm in Sources */,
				07D9FE961B6384A800ED5F86 /* Controller.mm in Sources */,
				D2ECCD8E1B7C6A17003D2D75 /* flShader.mm in Sources */,
				D2ECCDA11B7C6A17003D2D75 /* flException.mm in Sources */,
			);
			runOnlyForDeploymentPostprocessing = 0;
		};
		07D9FE6F1B63842100ED5F86 /* Sources */ = {
			isa = PBXSourcesBuildPhase;
			buildActionMask = 2147483647;
			files = (
				07D9FE7A1B63842100ED5F86 /* GLTelemetryPictTests.m in Sources */,
			);
			runOnlyForDeploymentPostprocessing = 0;
		};
/* End PBXSourcesBuildPhase section */

/* Begin PBXTargetDependency section */
		07D9FE751B63842100ED5F86 /* PBXTargetDependency */ = {
			isa = PBXTargetDependency;
			target = 07D9FE5F1B63842100ED5F86 /* GLTelemetryPict */;
			targetProxy = 07D9FE741B63842100ED5F86 /* PBXContainerItemProxy */;
		};
/* End PBXTargetDependency section */

/* Begin PBXVariantGroup section */
		07D9FE6C1B63842100ED5F86 /* MainMenu.xib */ = {
			isa = PBXVariantGroup;
			children = (
				07D9FE6D1B63842100ED5F86 /* Base */,
			);
			name = MainMenu.xib;
			sourceTree = "<group>";
		};
/* End PBXVariantGroup section */

/* Begin XCBuildConfiguration section */
		07D9FE7B1B63842100ED5F86 /* Debug */ = {
			isa = XCBuildConfiguration;
			buildSettings = {
				ALWAYS_SEARCH_USER_PATHS = NO;
				CLANG_CXX_LANGUAGE_STANDARD = "gnu++0x";
				CLANG_CXX_LIBRARY = "libc++";
				CLANG_ENABLE_MODULES = YES;
				CLANG_ENABLE_OBJC_ARC = YES;
				CLANG_WARN_BOOL_CONVERSION = YES;
				CLANG_WARN_CONSTANT_CONVERSION = YES;
				CLANG_WARN_DIRECT_OBJC_ISA_USAGE = YES_ERROR;
				CLANG_WARN_EMPTY_BODY = YES;
				CLANG_WARN_ENUM_CONVERSION = YES;
				CLANG_WARN_INT_CONVERSION = YES;
				CLANG_WARN_OBJC_ROOT_CLASS = YES_ERROR;
				CLANG_WARN_UNREACHABLE_CODE = YES;
				CLANG_WARN__DUPLICATE_METHOD_MATCH = YES;
				CODE_SIGN_IDENTITY = "-";
				COPY_PHASE_STRIP = NO;
				ENABLE_STRICT_OBJC_MSGSEND = YES;
				GCC_C_LANGUAGE_STANDARD = gnu99;
				GCC_DYNAMIC_NO_PIC = NO;
				GCC_OPTIMIZATION_LEVEL = 0;
				GCC_PREPROCESSOR_DEFINITIONS = (
					"DEBUG=1",
					"$(inherited)",
				);
				GCC_SYMBOLS_PRIVATE_EXTERN = NO;
				GCC_WARN_64_TO_32_BIT_CONVERSION = YES;
				GCC_WARN_ABOUT_RETURN_TYPE = YES_ERROR;
				GCC_WARN_UNDECLARED_SELECTOR = YES;
				GCC_WARN_UNINITIALIZED_AUTOS = YES_AGGRESSIVE;
				GCC_WARN_UNUSED_FUNCTION = YES;
				GCC_WARN_UNUSED_VARIABLE = YES;
				MACOSX_DEPLOYMENT_TARGET = 10.9;
				MTL_ENABLE_DEBUG_INFO = YES;
				ONLY_ACTIVE_ARCH = YES;
				SDKROOT = macosx;
			};
			name = Debug;
		};
		07D9FE7C1B63842100ED5F86 /* Release */ = {
			isa = XCBuildConfiguration;
			buildSettings = {
				ALWAYS_SEARCH_USER_PATHS = NO;
				CLANG_CXX_LANGUAGE_STANDARD = "gnu++0x";
				CLANG_CXX_LIBRARY = "libc++";
				CLANG_ENABLE_MODULES = YES;
				CLANG_ENABLE_OBJC_ARC = YES;
				CLANG_WARN_BOOL_CONVERSION = YES;
				CLANG_WARN_CONSTANT_CONVERSION = YES;
				CLANG_WARN_DIRECT_OBJC_ISA_USAGE = YES_ERROR;
				CLANG_WARN_EMPTY_BODY = YES;
				CLANG_WARN_ENUM_CONVERSION = YES;
				CLANG_WARN_INT_CONVERSION = YES;
				CLANG_WARN_OBJC_ROOT_CLASS = YES_ERROR;
				CLANG_WARN_UNREACHABLE_CODE = YES;
				CLANG_WARN__DUPLICATE_METHOD_MATCH = YES;
				CODE_SIGN_IDENTITY = "-";
				COPY_PHASE_STRIP = NO;
				DEBUG_INFORMATION_FORMAT = "dwarf-with-dsym";
				ENABLE_NS_ASSERTIONS = NO;
				ENABLE_STRICT_OBJC_MSGSEND = YES;
				GCC_C_LANGUAGE_STANDARD = gnu99;
				GCC_WARN_64_TO_32_BIT_CONVERSION = YES;
				GCC_WARN_ABOUT_RETURN_TYPE = YES_ERROR;
				GCC_WARN_UNDECLARED_SELECTOR = YES;
				GCC_WARN_UNINITIALIZED_AUTOS = YES_AGGRESSIVE;
				GCC_WARN_UNUSED_FUNCTION = YES;
				GCC_WARN_UNUSED_VARIABLE = YES;
				MACOSX_DEPLOYMENT_TARGET = 10.9;
				MTL_ENABLE_DEBUG_INFO = NO;
				SDKROOT = macosx;
			};
			name = Release;
		};
		07D9FE7E1B63842100ED5F86 /* Debug */ = {
			isa = XCBuildConfiguration;
			buildSettings = {
				ASSETCATALOG_COMPILER_APPICON_NAME = AppIcon;
				COMBINE_HIDPI_IMAGES = YES;
				INFOPLIST_FILE = GLTelemetryPict/Info.plist;
				LD_RUNPATH_SEARCH_PATHS = "$(inherited) @executable_path/../Frameworks";
				PRODUCT_NAME = "$(TARGET_NAME)";
			};
			name = Debug;
		};
		07D9FE7F1B63842100ED5F86 /* Release */ = {
			isa = XCBuildConfiguration;
			buildSettings = {
				ASSETCATALOG_COMPILER_APPICON_NAME = AppIcon;
				COMBINE_HIDPI_IMAGES = YES;
				INFOPLIST_FILE = GLTelemetryPict/Info.plist;
				LD_RUNPATH_SEARCH_PATHS = "$(inherited) @executable_path/../Frameworks";
				PRODUCT_NAME = "$(TARGET_NAME)";
			};
			name = Release;
		};
		07D9FE811B63842100ED5F86 /* Debug */ = {
			isa = XCBuildConfiguration;
			buildSettings = {
				BUNDLE_LOADER = "$(TEST_HOST)";
				COMBINE_HIDPI_IMAGES = YES;
				FRAMEWORK_SEARCH_PATHS = (
					"$(DEVELOPER_FRAMEWORKS_DIR)",
					"$(inherited)",
				);
				GCC_PREPROCESSOR_DEFINITIONS = (
					"DEBUG=1",
					"$(inherited)",
				);
				INFOPLIST_FILE = GLTelemetryPictTests/Info.plist;
				LD_RUNPATH_SEARCH_PATHS = "$(inherited) @executable_path/../Frameworks @loader_path/../Frameworks";
				PRODUCT_NAME = "$(TARGET_NAME)";
				TEST_HOST = "$(BUILT_PRODUCTS_DIR)/GLTelemetryPict.app/Contents/MacOS/GLTelemetryPict";
			};
			name = Debug;
		};
		07D9FE821B63842100ED5F86 /* Release */ = {
			isa = XCBuildConfiguration;
			buildSettings = {
				BUNDLE_LOADER = "$(TEST_HOST)";
				COMBINE_HIDPI_IMAGES = YES;
				FRAMEWORK_SEARCH_PATHS = (
					"$(DEVELOPER_FRAMEWORKS_DIR)",
					"$(inherited)",
				);
				INFOPLIST_FILE = GLTelemetryPictTests/Info.plist;
				LD_RUNPATH_SEARCH_PATHS = "$(inherited) @executable_path/../Frameworks @loader_path/../Frameworks";
				PRODUCT_NAME = "$(TARGET_NAME)";
				TEST_HOST = "$(BUILT_PRODUCTS_DIR)/GLTelemetryPict.app/Contents/MacOS/GLTelemetryPict";
			};
			name = Release;
		};
/* End XCBuildConfiguration section */

/* Begin XCConfigurationList section */
		07D9FE5B1B63842100ED5F86 /* Build configuration list for PBXProject "GLTelemetryPict" */ = {
			isa = XCConfigurationList;
			buildConfigurations = (
				07D9FE7B1B63842100ED5F86 /* Debug */,
				07D9FE7C1B63842100ED5F86 /* Release */,
			);
			defaultConfigurationIsVisible = 0;
			defaultConfigurationName = Release;
		};
		07D9FE7D1B63842100ED5F86 /* Build configuration list for PBXNativeTarget "GLTelemetryPict" */ = {
			isa = XCConfigurationList;
			buildConfigurations = (
				07D9FE7E1B63842100ED5F86 /* Debug */,
				07D9FE7F1B63842100ED5F86 /* Release */,
			);
			defaultConfigurationIsVisible = 0;
			defaultConfigurationName = Release;
		};
		07D9FE801B63842100ED5F86 /* Build configuration list for PBXNativeTarget "GLTelemetryPictTests" */ = {
			isa = XCConfigurationList;
			buildConfigurations = (
				07D9FE811B63842100ED5F86 /* Debug */,
				07D9FE821B63842100ED5F86 /* Release */,
			);
			defaultConfigurationIsVisible = 0;
			defaultConfigurationName = Release;
		};
/* End XCConfigurationList section */
	};
	rootObject = 07D9FE581B63842100ED5F86 /* Project object */;
}
